// !$*UTF8*$!
{
	archiveVersion = 1;
	classes = {
	};
	objectVersion = 77;
	objects = {

/* Begin PBXBuildFile section */
		3886EB64B933B8571A2C20AB /* OfflineQueueIntegrationTests.swift in Sources */ = {isa = PBXBuildFile; fileRef = BCC87FF97DE57D02A69C9A11 /* OfflineQueueIntegrationTests.swift */; };
		B731B3BB3851E93A9229A5C3 /* OfflineQueuePerformanceTests.swift in Sources */ = {isa = PBXBuildFile; fileRef = D6A0EE1A250A3DBA20A5D916 /* OfflineQueuePerformanceTests.swift */; };
		C12635A92EA6CC2E005442C5 /* FirebaseAnalytics in Frameworks */ = {isa = PBXBuildFile; productRef = C12635A82EA6CC2E005442C5 /* FirebaseAnalytics */; };
		C12635AB2EA6CC2E005442C5 /* FirebaseAuth in Frameworks */ = {isa = PBXBuildFile; productRef = C12635AA2EA6CC2E005442C5 /* FirebaseAuth */; };
		C12635AD2EA6CC2E005442C5 /* FirebaseFirestore in Frameworks */ = {isa = PBXBuildFile; productRef = C12635AC2EA6CC2E005442C5 /* FirebaseFirestore */; };
		C12635AF2EA6CC2E005442C5 /* FirebaseMessaging in Frameworks */ = {isa = PBXBuildFile; productRef = C12635AE2EA6CC2E005442C5 /* FirebaseMessaging */; };
		C12635B12EA6CC2E005442C5 /* FirebaseStorage in Frameworks */ = {isa = PBXBuildFile; productRef = C12635B02EA6CC2E005442C5 /* FirebaseStorage */; };
		C12636172EA6EE7A005442C5 /* Kingfisher in Frameworks */ = {isa = PBXBuildFile; productRef = C12636162EA6EE7A005442C5 /* Kingfisher */; };
		C12636292EA707AB005442C5 /* MessageKit in Frameworks */ = {isa = PBXBuildFile; productRef = C12636282EA707AB005442C5 /* MessageKit */; };
		C1B889482EAA63B500DFAE6E /* FirebaseFunctions in Frameworks */ = {isa = PBXBuildFile; productRef = C1B889472EAA63B500DFAE6E /* FirebaseFunctions */; };
/* End PBXBuildFile section */

/* Begin PBXContainerItemProxy section */
		C12635D72EA6D8A3005442C5 /* PBXContainerItemProxy */ = {
			isa = PBXContainerItemProxy;
			containerPortal = C12635672EA6BF89005442C5 /* Project object */;
			proxyType = 1;
			remoteGlobalIDString = C126356E2EA6BF89005442C5;
			remoteInfo = MessageAI;
		};
/* End PBXContainerItemProxy section */

/* Begin PBXFileReference section */
		BCC87FF97DE57D02A69C9A11 /* OfflineQueueIntegrationTests.swift */ = {isa = PBXFileReference; includeInIndex = 1; lastKnownFileType = sourcecode.swift; name = OfflineQueueIntegrationTests.swift; path = MessageAITests/Integration/OfflineQueueIntegrationTests.swift; sourceTree = "<group>"; };
		C126356F2EA6BF89005442C5 /* MessageAI.app */ = {isa = PBXFileReference; explicitFileType = wrapper.application; includeInIndex = 0; path = MessageAI.app; sourceTree = BUILT_PRODUCTS_DIR; };
		C12635D32EA6D8A3005442C5 /* MessageAITests.xctest */ = {isa = PBXFileReference; explicitFileType = wrapper.cfbundle; includeInIndex = 0; path = MessageAITests.xctest; sourceTree = BUILT_PRODUCTS_DIR; };
		D6A0EE1A250A3DBA20A5D916 /* OfflineQueuePerformanceTests.swift */ = {isa = PBXFileReference; includeInIndex = 1; lastKnownFileType = sourcecode.swift; name = OfflineQueuePerformanceTests.swift; path = MessageAITests/Performance/OfflineQueuePerformanceTests.swift; sourceTree = "<group>"; };
/* End PBXFileReference section */

/* Begin PBXFileSystemSynchronizedRootGroup section */
		C12635712EA6BF89005442C5 /* MessageAI */ = {
			isa = PBXFileSystemSynchronizedRootGroup;
			path = MessageAI;
			sourceTree = "<group>";
		};
		C12635D42EA6D8A3005442C5 /* MessageAITests */ = {
			isa = PBXFileSystemSynchronizedRootGroup;
			path = MessageAITests;
			sourceTree = "<group>";
		};
/* End PBXFileSystemSynchronizedRootGroup section */

/* Begin PBXFrameworksBuildPhase section */
		C126356C2EA6BF89005442C5 /* Frameworks */ = {
			isa = PBXFrameworksBuildPhase;
			buildActionMask = 2147483647;
			files = (
				C12636172EA6EE7A005442C5 /* Kingfisher in Frameworks */,
				C12635AF2EA6CC2E005442C5 /* FirebaseMessaging in Frameworks */,
				C12635A92EA6CC2E005442C5 /* FirebaseAnalytics in Frameworks */,
				C1B889482EAA63B500DFAE6E /* FirebaseFunctions in Frameworks */,
				C12636292EA707AB005442C5 /* MessageKit in Frameworks */,
				C12635AB2EA6CC2E005442C5 /* FirebaseAuth in Frameworks */,
				C12635B12EA6CC2E005442C5 /* FirebaseStorage in Frameworks */,
				C12635AD2EA6CC2E005442C5 /* FirebaseFirestore in Frameworks */,
			);
			runOnlyForDeploymentPostprocessing = 0;
		};
		C12635D02EA6D8A3005442C5 /* Frameworks */ = {
			isa = PBXFrameworksBuildPhase;
			buildActionMask = 2147483647;
			files = (
			);
			runOnlyForDeploymentPostprocessing = 0;
		};
/* End PBXFrameworksBuildPhase section */

/* Begin PBXGroup section */
		C12635662EA6BF89005442C5 = {
			isa = PBXGroup;
			children = (
				C12635712EA6BF89005442C5 /* MessageAI */,
				C12635D42EA6D8A3005442C5 /* MessageAITests */,
				C12636152EA6EE7A005442C5 /* Frameworks */,
				C12635702EA6BF89005442C5 /* Products */,
				BCC87FF97DE57D02A69C9A11 /* OfflineQueueIntegrationTests.swift */,
				D6A0EE1A250A3DBA20A5D916 /* OfflineQueuePerformanceTests.swift */,
			);
			sourceTree = "<group>";
		};
		C12635702EA6BF89005442C5 /* Products */ = {
			isa = PBXGroup;
			children = (
				C126356F2EA6BF89005442C5 /* MessageAI.app */,
				C12635D32EA6D8A3005442C5 /* MessageAITests.xctest */,
			);
			name = Products;
			sourceTree = "<group>";
		};
		C12636152EA6EE7A005442C5 /* Frameworks */ = {
			isa = PBXGroup;
			children = (
			);
			name = Frameworks;
			sourceTree = "<group>";
		};
/* End PBXGroup section */

/* Begin PBXNativeTarget section */
		C126356E2EA6BF89005442C5 /* MessageAI */ = {
			isa = PBXNativeTarget;
			buildConfigurationList = C126357A2EA6BF8A005442C5 /* Build configuration list for PBXNativeTarget "MessageAI" */;
			buildPhases = (
				C126356B2EA6BF89005442C5 /* Sources */,
				C126356C2EA6BF89005442C5 /* Frameworks */,
				C126356D2EA6BF89005442C5 /* Resources */,
			);
			buildRules = (
			);
			dependencies = (
			);
			fileSystemSynchronizedGroups = (
				C12635712EA6BF89005442C5 /* MessageAI */,
			);
			name = MessageAI;
			packageProductDependencies = (
				C12635A82EA6CC2E005442C5 /* FirebaseAnalytics */,
				C12635AA2EA6CC2E005442C5 /* FirebaseAuth */,
				C12635AC2EA6CC2E005442C5 /* FirebaseFirestore */,
				C12635AE2EA6CC2E005442C5 /* FirebaseMessaging */,
				C12635B02EA6CC2E005442C5 /* FirebaseStorage */,
				C12636162EA6EE7A005442C5 /* Kingfisher */,
				C12636282EA707AB005442C5 /* MessageKit */,
				C1B889472EAA63B500DFAE6E /* FirebaseFunctions */,
			);
			productName = MessageAI;
			productReference = C126356F2EA6BF89005442C5 /* MessageAI.app */;
			productType = "com.apple.product-type.application";
		};
		C12635D22EA6D8A3005442C5 /* MessageAITests */ = {
			isa = PBXNativeTarget;
			buildConfigurationList = C12635D92EA6D8A3005442C5 /* Build configuration list for PBXNativeTarget "MessageAITests" */;
			buildPhases = (
				C12635CF2EA6D8A3005442C5 /* Sources */,
				C12635D02EA6D8A3005442C5 /* Frameworks */,
				C12635D12EA6D8A3005442C5 /* Resources */,
			);
			buildRules = (
			);
			dependencies = (
				C12635D82EA6D8A3005442C5 /* PBXTargetDependency */,
			);
			fileSystemSynchronizedGroups = (
				C12635D42EA6D8A3005442C5 /* MessageAITests */,
			);
			name = MessageAITests;
			productName = MessageAITests;
			productReference = C12635D32EA6D8A3005442C5 /* MessageAITests.xctest */;
			productType = "com.apple.product-type.bundle.unit-test";
		};
/* End PBXNativeTarget section */

/* Begin PBXProject section */
		C12635672EA6BF89005442C5 /* Project object */ = {
			isa = PBXProject;
			attributes = {
				BuildIndependentTargetsInParallel = 1;
				LastSwiftUpdateCheck = 2600;
				LastUpgradeCheck = 2600;
				TargetAttributes = {
					C126356E2EA6BF89005442C5 = {
						CreatedOnToolsVersion = 26.0.1;
					};
					C12635D22EA6D8A3005442C5 = {
						CreatedOnToolsVersion = 26.0.1;
						TestTargetID = C126356E2EA6BF89005442C5;
					};
				};
			};
			buildConfigurationList = C126356A2EA6BF89005442C5 /* Build configuration list for PBXProject "MessageAI" */;
			developmentRegion = en;
			hasScannedForEncodings = 0;
			knownRegions = (
				en,
				Base,
			);
			mainGroup = C12635662EA6BF89005442C5;
			minimizedProjectReferenceProxies = 1;
			packageReferences = (
				C12635A72EA6CC2E005442C5 /* XCRemoteSwiftPackageReference "firebase-ios-sdk" */,
				C12636142EA6EE0D005442C5 /* XCRemoteSwiftPackageReference "Kingfisher" */,
				C12636272EA707AB005442C5 /* XCRemoteSwiftPackageReference "MessageKit" */,
			);
			preferredProjectObjectVersion = 77;
			productRefGroup = C12635702EA6BF89005442C5 /* Products */;
			projectDirPath = "";
			projectRoot = "";
			targets = (
				C126356E2EA6BF89005442C5 /* MessageAI */,
				C12635D22EA6D8A3005442C5 /* MessageAITests */,
			);
		};
/* End PBXProject section */

/* Begin PBXResourcesBuildPhase section */
		C126356D2EA6BF89005442C5 /* Resources */ = {
			isa = PBXResourcesBuildPhase;
			buildActionMask = 2147483647;
			files = (
			);
			runOnlyForDeploymentPostprocessing = 0;
		};
		C12635D12EA6D8A3005442C5 /* Resources */ = {
			isa = PBXResourcesBuildPhase;
			buildActionMask = 2147483647;
			files = (
			);
			runOnlyForDeploymentPostprocessing = 0;
		};
/* End PBXResourcesBuildPhase section */

/* Begin PBXSourcesBuildPhase section */
		C126356B2EA6BF89005442C5 /* Sources */ = {
			isa = PBXSourcesBuildPhase;
			buildActionMask = 2147483647;
			files = (
			);
			runOnlyForDeploymentPostprocessing = 0;
		};
		C12635CF2EA6D8A3005442C5 /* Sources */ = {
			isa = PBXSourcesBuildPhase;
			buildActionMask = 2147483647;
			files = (
				3886EB64B933B8571A2C20AB /* OfflineQueueIntegrationTests.swift in Sources */,
				B731B3BB3851E93A9229A5C3 /* OfflineQueuePerformanceTests.swift in Sources */,
			);
			runOnlyForDeploymentPostprocessing = 0;
		};
/* End PBXSourcesBuildPhase section */

/* Begin PBXTargetDependency section */
		C12635D82EA6D8A3005442C5 /* PBXTargetDependency */ = {
			isa = PBXTargetDependency;
			target = C126356E2EA6BF89005442C5 /* MessageAI */;
			targetProxy = C12635D72EA6D8A3005442C5 /* PBXContainerItemProxy */;
		};
/* End PBXTargetDependency section */

/* Begin XCBuildConfiguration section */
		C12635782EA6BF8A005442C5 /* Debug */ = {
			isa = XCBuildConfiguration;
			buildSettings = {
				ALWAYS_SEARCH_USER_PATHS = NO;
				ASSETCATALOG_COMPILER_GENERATE_SWIFT_ASSET_SYMBOL_EXTENSIONS = YES;
				CLANG_ANALYZER_NONNULL = YES;
				CLANG_ANALYZER_NUMBER_OBJECT_CONVERSION = YES_AGGRESSIVE;
				CLANG_CXX_LANGUAGE_STANDARD = "gnu++20";
				CLANG_ENABLE_MODULES = YES;
				CLANG_ENABLE_OBJC_ARC = YES;
				CLANG_ENABLE_OBJC_WEAK = YES;
				CLANG_WARN_BLOCK_CAPTURE_AUTORELEASING = YES;
				CLANG_WARN_BOOL_CONVERSION = YES;
				CLANG_WARN_COMMA = YES;
				CLANG_WARN_CONSTANT_CONVERSION = YES;
				CLANG_WARN_DEPRECATED_OBJC_IMPLEMENTATIONS = YES;
				CLANG_WARN_DIRECT_OBJC_ISA_USAGE = YES_ERROR;
				CLANG_WARN_DOCUMENTATION_COMMENTS = YES;
				CLANG_WARN_EMPTY_BODY = YES;
				CLANG_WARN_ENUM_CONVERSION = YES;
				CLANG_WARN_INFINITE_RECURSION = YES;
				CLANG_WARN_INT_CONVERSION = YES;
				CLANG_WARN_NON_LITERAL_NULL_CONVERSION = YES;
				CLANG_WARN_OBJC_IMPLICIT_RETAIN_SELF = YES;
				CLANG_WARN_OBJC_LITERAL_CONVERSION = YES;
				CLANG_WARN_OBJC_ROOT_CLASS = YES_ERROR;
				CLANG_WARN_QUOTED_INCLUDE_IN_FRAMEWORK_HEADER = YES;
				CLANG_WARN_RANGE_LOOP_ANALYSIS = YES;
				CLANG_WARN_STRICT_PROTOTYPES = YES;
				CLANG_WARN_SUSPICIOUS_MOVE = YES;
				CLANG_WARN_UNGUARDED_AVAILABILITY = YES_AGGRESSIVE;
				CLANG_WARN_UNREACHABLE_CODE = YES;
				CLANG_WARN__DUPLICATE_METHOD_MATCH = YES;
				COPY_PHASE_STRIP = NO;
				DEBUG_INFORMATION_FORMAT = dwarf;
				DEVELOPMENT_TEAM = F7JU7848DS;
				ENABLE_STRICT_OBJC_MSGSEND = YES;
				ENABLE_TESTABILITY = YES;
				ENABLE_USER_SCRIPT_SANDBOXING = YES;
				GCC_C_LANGUAGE_STANDARD = gnu17;
				GCC_DYNAMIC_NO_PIC = NO;
				GCC_NO_COMMON_BLOCKS = YES;
				GCC_OPTIMIZATION_LEVEL = 0;
				GCC_PREPROCESSOR_DEFINITIONS = (
					"DEBUG=1",
					"$(inherited)",
				);
				GCC_WARN_64_TO_32_BIT_CONVERSION = YES;
				GCC_WARN_ABOUT_RETURN_TYPE = YES_ERROR;
				GCC_WARN_UNDECLARED_SELECTOR = YES;
				GCC_WARN_UNINITIALIZED_AUTOS = YES_AGGRESSIVE;
				GCC_WARN_UNUSED_FUNCTION = YES;
				GCC_WARN_UNUSED_VARIABLE = YES;
				IPHONEOS_DEPLOYMENT_TARGET = 26.0;
				LOCALIZATION_PREFERS_STRING_CATALOGS = YES;
				MTL_ENABLE_DEBUG_INFO = INCLUDE_SOURCE;
				MTL_FAST_MATH = YES;
				ONLY_ACTIVE_ARCH = YES;
				SDKROOT = iphoneos;
				SWIFT_ACTIVE_COMPILATION_CONDITIONS = "DEBUG $(inherited)";
				SWIFT_OPTIMIZATION_LEVEL = "-Onone";
			};
			name = Debug;
		};
		C12635792EA6BF8A005442C5 /* Release */ = {
			isa = XCBuildConfiguration;
			buildSettings = {
				ALWAYS_SEARCH_USER_PATHS = NO;
				ASSETCATALOG_COMPILER_GENERATE_SWIFT_ASSET_SYMBOL_EXTENSIONS = YES;
				CLANG_ANALYZER_NONNULL = YES;
				CLANG_ANALYZER_NUMBER_OBJECT_CONVERSION = YES_AGGRESSIVE;
				CLANG_CXX_LANGUAGE_STANDARD = "gnu++20";
				CLANG_ENABLE_MODULES = YES;
				CLANG_ENABLE_OBJC_ARC = YES;
				CLANG_ENABLE_OBJC_WEAK = YES;
				CLANG_WARN_BLOCK_CAPTURE_AUTORELEASING = YES;
				CLANG_WARN_BOOL_CONVERSION = YES;
				CLANG_WARN_COMMA = YES;
				CLANG_WARN_CONSTANT_CONVERSION = YES;
				CLANG_WARN_DEPRECATED_OBJC_IMPLEMENTATIONS = YES;
				CLANG_WARN_DIRECT_OBJC_ISA_USAGE = YES_ERROR;
				CLANG_WARN_DOCUMENTATION_COMMENTS = YES;
				CLANG_WARN_EMPTY_BODY = YES;
				CLANG_WARN_ENUM_CONVERSION = YES;
				CLANG_WARN_INFINITE_RECURSION = YES;
				CLANG_WARN_INT_CONVERSION = YES;
				CLANG_WARN_NON_LITERAL_NULL_CONVERSION = YES;
				CLANG_WARN_OBJC_IMPLICIT_RETAIN_SELF = YES;
				CLANG_WARN_OBJC_LITERAL_CONVERSION = YES;
				CLANG_WARN_OBJC_ROOT_CLASS = YES_ERROR;
				CLANG_WARN_QUOTED_INCLUDE_IN_FRAMEWORK_HEADER = YES;
				CLANG_WARN_RANGE_LOOP_ANALYSIS = YES;
				CLANG_WARN_STRICT_PROTOTYPES = YES;
				CLANG_WARN_SUSPICIOUS_MOVE = YES;
				CLANG_WARN_UNGUARDED_AVAILABILITY = YES_AGGRESSIVE;
				CLANG_WARN_UNREACHABLE_CODE = YES;
				CLANG_WARN__DUPLICATE_METHOD_MATCH = YES;
				COPY_PHASE_STRIP = NO;
				DEBUG_INFORMATION_FORMAT = "dwarf-with-dsym";
				DEVELOPMENT_TEAM = F7JU7848DS;
				ENABLE_NS_ASSERTIONS = NO;
				ENABLE_STRICT_OBJC_MSGSEND = YES;
				ENABLE_USER_SCRIPT_SANDBOXING = YES;
				GCC_C_LANGUAGE_STANDARD = gnu17;
				GCC_NO_COMMON_BLOCKS = YES;
				GCC_WARN_64_TO_32_BIT_CONVERSION = YES;
				GCC_WARN_ABOUT_RETURN_TYPE = YES_ERROR;
				GCC_WARN_UNDECLARED_SELECTOR = YES;
				GCC_WARN_UNINITIALIZED_AUTOS = YES_AGGRESSIVE;
				GCC_WARN_UNUSED_FUNCTION = YES;
				GCC_WARN_UNUSED_VARIABLE = YES;
				IPHONEOS_DEPLOYMENT_TARGET = 26.0;
				LOCALIZATION_PREFERS_STRING_CATALOGS = YES;
				MTL_ENABLE_DEBUG_INFO = NO;
				MTL_FAST_MATH = YES;
				SDKROOT = iphoneos;
				SWIFT_COMPILATION_MODE = wholemodule;
				VALIDATE_PRODUCT = YES;
			};
			name = Release;
		};
		C126357B2EA6BF8A005442C5 /* Debug */ = {
			isa = XCBuildConfiguration;
			buildSettings = {
				ASSETCATALOG_COMPILER_APPICON_NAME = AppIcon;
				ASSETCATALOG_COMPILER_GLOBAL_ACCENT_COLOR_NAME = AccentColor;
				CODE_SIGN_STYLE = Automatic;
				CURRENT_PROJECT_VERSION = 2;
				DEVELOPMENT_TEAM = F7JU7848DS;
				ENABLE_PREVIEWS = YES;
				GENERATE_INFOPLIST_FILE = YES;
				INFOPLIST_KEY_UIApplicationSceneManifest_Generation = YES;
				INFOPLIST_KEY_UIApplicationSupportsIndirectInputEvents = YES;
				INFOPLIST_KEY_UILaunchScreen_Generation = YES;
				INFOPLIST_KEY_UISupportedInterfaceOrientations = "UIInterfaceOrientationLandscapeLeft UIInterfaceOrientationLandscapeRight UIInterfaceOrientationPortrait";
				INFOPLIST_KEY_UISupportedInterfaceOrientations_iPad = UIInterfaceOrientationPortrait;
				LD_RUNPATH_SEARCH_PATHS = (
					"$(inherited)",
					"@executable_path/Frameworks",
				);
				MARKETING_VERSION = 1.0;
				PRODUCT_BUNDLE_IDENTIFIER = com.mfuechec.MessageAI;
				PRODUCT_NAME = "$(TARGET_NAME)";
				STRING_CATALOG_GENERATE_SYMBOLS = YES;
				SWIFT_APPROACHABLE_CONCURRENCY = YES;
				SWIFT_DEFAULT_ACTOR_ISOLATION = MainActor;
				SWIFT_EMIT_LOC_STRINGS = YES;
				SWIFT_UPCOMING_FEATURE_MEMBER_IMPORT_VISIBILITY = YES;
				SWIFT_VERSION = 5.0;
				TARGETED_DEVICE_FAMILY = "1,2";
			};
			name = Debug;
		};
		C126357C2EA6BF8A005442C5 /* Release */ = {
			isa = XCBuildConfiguration;
			buildSettings = {
				ASSETCATALOG_COMPILER_APPICON_NAME = AppIcon;
				ASSETCATALOG_COMPILER_GLOBAL_ACCENT_COLOR_NAME = AccentColor;
				CODE_SIGN_STYLE = Automatic;
				CURRENT_PROJECT_VERSION = 2;
				DEVELOPMENT_TEAM = F7JU7848DS;
				ENABLE_PREVIEWS = YES;
				GENERATE_INFOPLIST_FILE = YES;
				INFOPLIST_KEY_UIApplicationSceneManifest_Generation = YES;
				INFOPLIST_KEY_UIApplicationSupportsIndirectInputEvents = YES;
				INFOPLIST_KEY_UILaunchScreen_Generation = YES;
				INFOPLIST_KEY_UISupportedInterfaceOrientations = "UIInterfaceOrientationLandscapeLeft UIInterfaceOrientationLandscapeRight UIInterfaceOrientationPortrait";
				INFOPLIST_KEY_UISupportedInterfaceOrientations_iPad = UIInterfaceOrientationPortrait;
				LD_RUNPATH_SEARCH_PATHS = (
					"$(inherited)",
					"@executable_path/Frameworks",
				);
				MARKETING_VERSION = 1.0;
				PRODUCT_BUNDLE_IDENTIFIER = com.mfuechec.MessageAI;
				PRODUCT_NAME = "$(TARGET_NAME)";
				STRING_CATALOG_GENERATE_SYMBOLS = YES;
				SWIFT_APPROACHABLE_CONCURRENCY = YES;
				SWIFT_DEFAULT_ACTOR_ISOLATION = MainActor;
				SWIFT_EMIT_LOC_STRINGS = YES;
				SWIFT_UPCOMING_FEATURE_MEMBER_IMPORT_VISIBILITY = YES;
				SWIFT_VERSION = 5.0;
				TARGETED_DEVICE_FAMILY = "1,2";
			};
			name = Release;
		};
		C12635DA2EA6D8A3005442C5 /* Debug */ = {
			isa = XCBuildConfiguration;
			buildSettings = {
				BUNDLE_LOADER = "$(TEST_HOST)";
				CODE_SIGN_STYLE = Automatic;
				CURRENT_PROJECT_VERSION = 2;
				DEVELOPMENT_TEAM = F7JU7848DS;
				GENERATE_INFOPLIST_FILE = YES;
				MARKETING_VERSION = 1.0;
				PRODUCT_BUNDLE_IDENTIFIER = com.mfuechec.MessageAITests;
				PRODUCT_NAME = "$(TARGET_NAME)";
				STRING_CATALOG_GENERATE_SYMBOLS = NO;
				SWIFT_APPROACHABLE_CONCURRENCY = YES;
				SWIFT_EMIT_LOC_STRINGS = NO;
				SWIFT_UPCOMING_FEATURE_MEMBER_IMPORT_VISIBILITY = YES;
				SWIFT_VERSION = 5.0;
				TARGETED_DEVICE_FAMILY = "1,2";
				TEST_HOST = "$(BUILT_PRODUCTS_DIR)/MessageAI.app/$(BUNDLE_EXECUTABLE_FOLDER_PATH)/MessageAI";
			};
			name = Debug;
		};
		C12635DB2EA6D8A3005442C5 /* Release */ = {
			isa = XCBuildConfiguration;
			buildSettings = {
				BUNDLE_LOADER = "$(TEST_HOST)";
				CODE_SIGN_STYLE = Automatic;
				CURRENT_PROJECT_VERSION = 2;
				DEVELOPMENT_TEAM = F7JU7848DS;
				GENERATE_INFOPLIST_FILE = YES;
				MARKETING_VERSION = 1.0;
				PRODUCT_BUNDLE_IDENTIFIER = com.mfuechec.MessageAITests;
				PRODUCT_NAME = "$(TARGET_NAME)";
				STRING_CATALOG_GENERATE_SYMBOLS = NO;
				SWIFT_APPROACHABLE_CONCURRENCY = YES;
				SWIFT_EMIT_LOC_STRINGS = NO;
				SWIFT_UPCOMING_FEATURE_MEMBER_IMPORT_VISIBILITY = YES;
				SWIFT_VERSION = 5.0;
				TARGETED_DEVICE_FAMILY = "1,2";
				TEST_HOST = "$(BUILT_PRODUCTS_DIR)/MessageAI.app/$(BUNDLE_EXECUTABLE_FOLDER_PATH)/MessageAI";
			};
			name = Release;
		};
/* End XCBuildConfiguration section */

/* Begin XCConfigurationList section */
		C126356A2EA6BF89005442C5 /* Build configuration list for PBXProject "MessageAI" */ = {
			isa = XCConfigurationList;
			buildConfigurations = (
				C12635782EA6BF8A005442C5 /* Debug */,
				C12635792EA6BF8A005442C5 /* Release */,
			);
			defaultConfigurationIsVisible = 0;
			defaultConfigurationName = Release;
		};
		C126357A2EA6BF8A005442C5 /* Build configuration list for PBXNativeTarget "MessageAI" */ = {
			isa = XCConfigurationList;
			buildConfigurations = (
				C126357B2EA6BF8A005442C5 /* Debug */,
				C126357C2EA6BF8A005442C5 /* Release */,
			);
			defaultConfigurationIsVisible = 0;
			defaultConfigurationName = Release;
		};
		C12635D92EA6D8A3005442C5 /* Build configuration list for PBXNativeTarget "MessageAITests" */ = {
			isa = XCConfigurationList;
			buildConfigurations = (
				C12635DA2EA6D8A3005442C5 /* Debug */,
				C12635DB2EA6D8A3005442C5 /* Release */,
			);
			defaultConfigurationIsVisible = 0;
			defaultConfigurationName = Release;
		};
/* End XCConfigurationList section */

/* Begin XCRemoteSwiftPackageReference section */
		C12635A72EA6CC2E005442C5 /* XCRemoteSwiftPackageReference "firebase-ios-sdk" */ = {
			isa = XCRemoteSwiftPackageReference;
			repositoryURL = "https://github.com/firebase/firebase-ios-sdk";
			requirement = {
				kind = upToNextMajorVersion;
				minimumVersion = 12.4.0;
			};
		};
		C12636142EA6EE0D005442C5 /* XCRemoteSwiftPackageReference "Kingfisher" */ = {
			isa = XCRemoteSwiftPackageReference;
			repositoryURL = "https://github.com/onevcat/Kingfisher.git";
			requirement = {
				kind = upToNextMajorVersion;
				minimumVersion = 7.10.0;
			};
		};
		C12636272EA707AB005442C5 /* XCRemoteSwiftPackageReference "MessageKit" */ = {
			isa = XCRemoteSwiftPackageReference;
			repositoryURL = "https://github.com/MessageKit/MessageKit";
			requirement = {
				kind = exactVersion;
				version = 4.2.0;
			};
		};
/* End XCRemoteSwiftPackageReference section */

/* Begin XCSwiftPackageProductDependency section */
		C12635A82EA6CC2E005442C5 /* FirebaseAnalytics */ = {
			isa = XCSwiftPackageProductDependency;
			package = C12635A72EA6CC2E005442C5 /* XCRemoteSwiftPackageReference "firebase-ios-sdk" */;
			productName = FirebaseAnalytics;
		};
		C12635AA2EA6CC2E005442C5 /* FirebaseAuth */ = {
			isa = XCSwiftPackageProductDependency;
			package = C12635A72EA6CC2E005442C5 /* XCRemoteSwiftPackageReference "firebase-ios-sdk" */;
			productName = FirebaseAuth;
		};
		C12635AC2EA6CC2E005442C5 /* FirebaseFirestore */ = {
			isa = XCSwiftPackageProductDependency;
			package = C12635A72EA6CC2E005442C5 /* XCRemoteSwiftPackageReference "firebase-ios-sdk" */;
			productName = FirebaseFirestore;
		};
		C12635AE2EA6CC2E005442C5 /* FirebaseMessaging */ = {
			isa = XCSwiftPackageProductDependency;
			package = C12635A72EA6CC2E005442C5 /* XCRemoteSwiftPackageReference "firebase-ios-sdk" */;
			productName = FirebaseMessaging;
		};
		C12635B02EA6CC2E005442C5 /* FirebaseStorage */ = {
			isa = XCSwiftPackageProductDependency;
			package = C12635A72EA6CC2E005442C5 /* XCRemoteSwiftPackageReference "firebase-ios-sdk" */;
			productName = FirebaseStorage;
		};
		C12636162EA6EE7A005442C5 /* Kingfisher */ = {
			isa = XCSwiftPackageProductDependency;
			package = C12636142EA6EE0D005442C5 /* XCRemoteSwiftPackageReference "Kingfisher" */;
			productName = Kingfisher;
		};
		C12636282EA707AB005442C5 /* MessageKit */ = {
			isa = XCSwiftPackageProductDependency;
			package = C12636272EA707AB005442C5 /* XCRemoteSwiftPackageReference "MessageKit" */;
			productName = MessageKit;
		};
		C1B889472EAA63B500DFAE6E /* FirebaseFunctions */ = {
			isa = XCSwiftPackageProductDependency;
			package = C12635A72EA6CC2E005442C5 /* XCRemoteSwiftPackageReference "firebase-ios-sdk" */;
			productName = FirebaseFunctions;
		};
/* End XCSwiftPackageProductDependency section */
	};
	rootObject = C12635672EA6BF89005442C5 /* Project object */;
}
